
Microsoft Visual Studio Solution File, Format Version 12.00
# Visual Studio Version 16
VisualStudioVersion = 16.0.30907.101
MinimumVisualStudioVersion = 10.0.40219.1
Project("{FAE04EC0-301F-11D3-BF4B-00C04F79EFBC}") = "ConsoleApp3", "ConsoleApp3\ConsoleApp3.csproj", "{BA5CCA4A-8288-4562-8730-A5F928B2E872}"
EndProject
Global
	GlobalSection(SolutionConfigurationPlatforms) = preSolution
		Debug|Any CPU = Debug|Any CPU
		Release|Any CPU = Release|Any CPU
	EndGlobalSection
	GlobalSection(ProjectConfigurationPlatforms) = postSolution
		{BA5CCA4A-8288-4562-8730-A5F928B2E872}.Debug|Any CPU.ActiveCfg = Debug|Any CPU
		{BA5CCA4A-8288-4562-8730-A5F928B2E872}.Debug|Any CPU.Build.0 = Debug|Any CPU
		{BA5CCA4A-8288-4562-8730-A5F928B2E872}.Release|Any CPU.ActiveCfg = Release|Any CPU
		{BA5CCA4A-8288-4562-8730-A5F928B2E872}.Release|Any CPU.Build.0 = Release|Any CPU
	EndGlobalSection
	GlobalSection(SolutionProperties) = preSolution
		HideSolutionNode = FALSE
	EndGlobalSection
	GlobalSection(ExtensibilityGlobals) = postSolution
		SolutionGuid = {D43BC06E-55A1-40F8-AFA3-37090AFEA478}
	EndGlobalSection
EndGlobal
